
Microsoft Visual Studio Solution File, Format Version 12.00
# Visual Studio Version 16
VisualStudioVersion = 16.0.29709.97
MinimumVisualStudioVersion = 10.0.40219.1
Project("{FAE04EC0-301F-11D3-BF4B-00C04F79EFBC}") = "MVP", "MVP\MVP.csproj", "{1A85AE53-213C-4F87-AFCE-879016BF2251}"
EndProject
Global
	GlobalSection(SolutionConfigurationPlatforms) = preSolution
		Debug|Any CPU = Debug|Any CPU
		Release|Any CPU = Release|Any CPU
	EndGlobalSection
	GlobalSection(ProjectConfigurationPlatforms) = postSolution
		{1A85AE53-213C-4F87-AFCE-879016BF2251}.Debug|Any CPU.ActiveCfg = Debug|Any CPU
		{1A85AE53-213C-4F87-AFCE-879016BF2251}.Debug|Any CPU.Build.0 = Debug|Any CPU
		{1A85AE53-213C-4F87-AFCE-879016BF2251}.Release|Any CPU.ActiveCfg = Release|Any CPU
		{1A85AE53-213C-4F87-AFCE-879016BF2251}.Release|Any CPU.Build.0 = Release|Any CPU
	EndGlobalSection
	GlobalSection(SolutionProperties) = preSolution
		HideSolutionNode = FALSE
	EndGlobalSection
	GlobalSection(ExtensibilityGlobals) = postSolution
		SolutionGuid = {80CF2A5F-938B-4301-A3BC-A75213D74C8F}
	EndGlobalSection
EndGlobal
